
Microsoft Visual Studio Solution File, Format Version 12.00
# Visual Studio Version 17
VisualStudioVersion = 17.10.35013.160
MinimumVisualStudioVersion = 10.0.40219.1
Project("{9A19103F-16F7-4668-BE54-9A1E7A4F7556}") = "Shared", "Shared\Shared.csproj", "{62B2B86C-1E08-4FF4-A8A9-DBCA2BC4D80C}"
EndProject
Project("{9A19103F-16F7-4668-BE54-9A1E7A4F7556}") = "Negocio", "Negocio\Negocio.csproj", "{3BC5ADF9-8A43-46A7-B5FA-A54B9DDAC181}"
EndProject
Project("{9A19103F-16F7-4668-BE54-9A1E7A4F7556}") = "SportTimeWInForm", "SportTime\SportTimeWInForm.csproj", "{468C65C3-33F8-4238-9926-C0E16DB701C2}"
EndProject
Project("{FAE04EC0-301F-11D3-BF4B-00C04F79EFBC}") = "Api", "Api\Api.csproj", "{8778C6A4-F380-4AE3-BFBB-38BBD88185BC}"
EndProject
Global
	GlobalSection(SolutionConfigurationPlatforms) = preSolution
		Debug|Any CPU = Debug|Any CPU
		Release|Any CPU = Release|Any CPU
	EndGlobalSection
	GlobalSection(ProjectConfigurationPlatforms) = postSolution
		{62B2B86C-1E08-4FF4-A8A9-DBCA2BC4D80C}.Debug|Any CPU.ActiveCfg = Debug|Any CPU
		{62B2B86C-1E08-4FF4-A8A9-DBCA2BC4D80C}.Debug|Any CPU.Build.0 = Debug|Any CPU
		{62B2B86C-1E08-4FF4-A8A9-DBCA2BC4D80C}.Release|Any CPU.ActiveCfg = Release|Any CPU
		{62B2B86C-1E08-4FF4-A8A9-DBCA2BC4D80C}.Release|Any CPU.Build.0 = Release|Any CPU
		{3BC5ADF9-8A43-46A7-B5FA-A54B9DDAC181}.Debug|Any CPU.ActiveCfg = Debug|Any CPU
		{3BC5ADF9-8A43-46A7-B5FA-A54B9DDAC181}.Debug|Any CPU.Build.0 = Debug|Any CPU
		{3BC5ADF9-8A43-46A7-B5FA-A54B9DDAC181}.Release|Any CPU.ActiveCfg = Release|Any CPU
		{3BC5ADF9-8A43-46A7-B5FA-A54B9DDAC181}.Release|Any CPU.Build.0 = Release|Any CPU
		{468C65C3-33F8-4238-9926-C0E16DB701C2}.Debug|Any CPU.ActiveCfg = Debug|Any CPU
		{468C65C3-33F8-4238-9926-C0E16DB701C2}.Debug|Any CPU.Build.0 = Debug|Any CPU
		{468C65C3-33F8-4238-9926-C0E16DB701C2}.Release|Any CPU.ActiveCfg = Release|Any CPU
		{468C65C3-33F8-4238-9926-C0E16DB701C2}.Release|Any CPU.Build.0 = Release|Any CPU
		{8778C6A4-F380-4AE3-BFBB-38BBD88185BC}.Debug|Any CPU.ActiveCfg = Debug|Any CPU
		{8778C6A4-F380-4AE3-BFBB-38BBD88185BC}.Debug|Any CPU.Build.0 = Debug|Any CPU
		{8778C6A4-F380-4AE3-BFBB-38BBD88185BC}.Release|Any CPU.ActiveCfg = Release|Any CPU
		{8778C6A4-F380-4AE3-BFBB-38BBD88185BC}.Release|Any CPU.Build.0 = Release|Any CPU
	EndGlobalSection
	GlobalSection(SolutionProperties) = preSolution
		HideSolutionNode = FALSE
	EndGlobalSection
	GlobalSection(ExtensibilityGlobals) = postSolution
		SolutionGuid = {DB8F41F5-A4AC-4331-9B55-FBE500030A1A}
	EndGlobalSection
EndGlobal
